// !$*UTF8*$!
{
	archiveVersion = 1;
	classes = {
	};
	objectVersion = 50;
	objects = {

/* Begin PBXBuildFile section */
		BA9E23B9219B749A006E27F4 /* AppDelegate.m in Sources */ = {isa = PBXBuildFile; fileRef = BA9E23B8219B749A006E27F4 /* AppDelegate.m */; };
		BA9E23BC219B749A006E27F4 /* ViewController.m in Sources */ = {isa = PBXBuildFile; fileRef = BA9E23BB219B749A006E27F4 /* ViewController.m */; };
		BA9E23BF219B749A006E27F4 /* Main.storyboard in Resources */ = {isa = PBXBuildFile; fileRef = BA9E23BD219B749A006E27F4 /* Main.storyboard */; };
		BA9E23C1219B749C006E27F4 /* Assets.xcassets in Resources */ = {isa = PBXBuildFile; fileRef = BA9E23C0219B749C006E27F4 /* Assets.xcassets */; };
		BA9E23C4219B749C006E27F4 /* LaunchScreen.storyboard in Resources */ = {isa = PBXBuildFile; fileRef = BA9E23C2219B749C006E27F4 /* LaunchScreen.storyboard */; };
		BA9E23C7219B749C006E27F4 /* main.m in Sources */ = {isa = PBXBuildFile; fileRef = BA9E23C6219B749C006E27F4 /* main.m */; };
		BA9E23CF219B755E006E27F4 /* TargetViewController.m in Sources */ = {isa = PBXBuildFile; fileRef = BA9E23CE219B755E006E27F4 /* TargetViewController.m */; };
		BA9E23D1219BA3BA006E27F4 /* MyCustomCell.xib in Resources */ = {isa = PBXBuildFile; fileRef = BA9E23D0219BA3BA006E27F4 /* MyCustomCell.xib */; };
		BA9E23D4219BAC3E006E27F4 /* MyTableViewCell.m in Sources */ = {isa = PBXBuildFile; fileRef = BA9E23D3219BAC3E006E27F4 /* MyTableViewCell.m */; };
/* End PBXBuildFile section */

/* Begin PBXFileReference section */
		BA9E23B4219B749A006E27F4 /* DBWithJSON.app */ = {isa = PBXFileReference; explicitFileType = wrapper.application; includeInIndex = 0; path = DBWithJSON.app; sourceTree = BUILT_PRODUCTS_DIR; };
		BA9E23B7219B749A006E27F4 /* AppDelegate.h */ = {isa = PBXFileReference; lastKnownFileType = sourcecode.c.h; path = AppDelegate.h; sourceTree = "<group>"; };
		BA9E23B8219B749A006E27F4 /* AppDelegate.m */ = {isa = PBXFileReference; lastKnownFileType = sourcecode.c.objc; path = AppDelegate.m; sourceTree = "<group>"; };
		BA9E23BA219B749A006E27F4 /* ViewController.h */ = {isa = PBXFileReference; lastKnownFileType = sourcecode.c.h; path = ViewController.h; sourceTree = "<group>"; };
		BA9E23BB219B749A006E27F4 /* ViewController.m */ = {isa = PBXFileReference; lastKnownFileType = sourcecode.c.objc; path = ViewController.m; sourceTree = "<group>"; };
		BA9E23BE219B749A006E27F4 /* Base */ = {isa = PBXFileReference; lastKnownFileType = file.storyboard; name = Base; path = Base.lproj/Main.storyboard; sourceTree = "<group>"; };
		BA9E23C0219B749C006E27F4 /* Assets.xcassets */ = {isa = PBXFileReference; lastKnownFileType = folder.assetcatalog; path = Assets.xcassets; sourceTree = "<group>"; };
		BA9E23C3219B749C006E27F4 /* Base */ = {isa = PBXFileReference; lastKnownFileType = file.storyboard; name = Base; path = Base.lproj/LaunchScreen.storyboard; sourceTree = "<group>"; };
		BA9E23C5219B749C006E27F4 /* Info.plist */ = {isa = PBXFileReference; lastKnownFileType = text.plist.xml; path = Info.plist; sourceTree = "<group>"; };
		BA9E23C6219B749C006E27F4 /* main.m */ = {isa = PBXFileReference; lastKnownFileType = sourcecode.c.objc; path = main.m; sourceTree = "<group>"; };
		BA9E23CD219B755E006E27F4 /* TargetViewController.h */ = {isa = PBXFileReference; lastKnownFileType = sourcecode.c.h; path = TargetViewController.h; sourceTree = "<group>"; };
		BA9E23CE219B755E006E27F4 /* TargetViewController.m */ = {isa = PBXFileReference; lastKnownFileType = sourcecode.c.objc; path = TargetViewController.m; sourceTree = "<group>"; };
		BA9E23D0219BA3BA006E27F4 /* MyCustomCell.xib */ = {isa = PBXFileReference; lastKnownFileType = file.xib; path = MyCustomCell.xib; sourceTree = "<group>"; };
		BA9E23D2219BAC3E006E27F4 /* MyTableViewCell.h */ = {isa = PBXFileReference; lastKnownFileType = sourcecode.c.h; path = MyTableViewCell.h; sourceTree = "<group>"; };
		BA9E23D3219BAC3E006E27F4 /* MyTableViewCell.m */ = {isa = PBXFileReference; lastKnownFileType = sourcecode.c.objc; path = MyTableViewCell.m; sourceTree = "<group>"; };
/* End PBXFileReference section */

/* Begin PBXFrameworksBuildPhase section */
		BA9E23B1219B749A006E27F4 /* Frameworks */ = {
			isa = PBXFrameworksBuildPhase;
			buildActionMask = 2147483647;
			files = (
			);
			runOnlyForDeploymentPostprocessing = 0;
		};
/* End PBXFrameworksBuildPhase section */

/* Begin PBXGroup section */
		BA9E23AB219B749A006E27F4 = {
			isa = PBXGroup;
			children = (
				BA9E23B6219B749A006E27F4 /* DBWithJSON */,
				BA9E23B5219B749A006E27F4 /* Products */,
			);
			sourceTree = "<group>";
		};
		BA9E23B5219B749A006E27F4 /* Products */ = {
			isa = PBXGroup;
			children = (
				BA9E23B4219B749A006E27F4 /* DBWithJSON.app */,
			);
			name = Products;
			sourceTree = "<group>";
		};
		BA9E23B6219B749A006E27F4 /* DBWithJSON */ = {
			isa = PBXGroup;
			children = (
				BA9E23B7219B749A006E27F4 /* AppDelegate.h */,
				BA9E23B8219B749A006E27F4 /* AppDelegate.m */,
				BA9E23BA219B749A006E27F4 /* ViewController.h */,
				BA9E23BB219B749A006E27F4 /* ViewController.m */,
				BA9E23BD219B749A006E27F4 /* Main.storyboard */,
				BA9E23C0219B749C006E27F4 /* Assets.xcassets */,
				BA9E23C2219B749C006E27F4 /* LaunchScreen.storyboard */,
				BA9E23C5219B749C006E27F4 /* Info.plist */,
				BA9E23C6219B749C006E27F4 /* main.m */,
				BA9E23CD219B755E006E27F4 /* TargetViewController.h */,
				BA9E23CE219B755E006E27F4 /* TargetViewController.m */,
				BA9E23D0219BA3BA006E27F4 /* MyCustomCell.xib */,
				BA9E23D2219BAC3E006E27F4 /* MyTableViewCell.h */,
				BA9E23D3219BAC3E006E27F4 /* MyTableViewCell.m */,
			);
			path = DBWithJSON;
			sourceTree = "<group>";
		};
/* End PBXGroup section */

/* Begin PBXNativeTarget section */
		BA9E23B3219B749A006E27F4 /* DBWithJSON */ = {
			isa = PBXNativeTarget;
			buildConfigurationList = BA9E23CA219B749C006E27F4 /* Build configuration list for PBXNativeTarget "DBWithJSON" */;
			buildPhases = (
				BA9E23B0219B749A006E27F4 /* Sources */,
				BA9E23B1219B749A006E27F4 /* Frameworks */,
				BA9E23B2219B749A006E27F4 /* Resources */,
			);
			buildRules = (
			);
			dependencies = (
			);
			name = DBWithJSON;
			productName = DBWithJSON;
			productReference = BA9E23B4219B749A006E27F4 /* DBWithJSON.app */;
			productType = "com.apple.product-type.application";
		};
/* End PBXNativeTarget section */

/* Begin PBXProject section */
		BA9E23AC219B749A006E27F4 /* Project object */ = {
			isa = PBXProject;
			attributes = {
				LastUpgradeCheck = 0940;
				ORGANIZATIONNAME = SHS;
				TargetAttributes = {
					BA9E23B3219B749A006E27F4 = {
						CreatedOnToolsVersion = 9.4.1;
					};
				};
			};
			buildConfigurationList = BA9E23AF219B749A006E27F4 /* Build configuration list for PBXProject "DBWithJSON" */;
			compatibilityVersion = "Xcode 9.3";
			developmentRegion = en;
			hasScannedForEncodings = 0;
			knownRegions = (
				en,
				Base,
			);
			mainGroup = BA9E23AB219B749A006E27F4;
			productRefGroup = BA9E23B5219B749A006E27F4 /* Products */;
			projectDirPath = "";
			projectRoot = "";
			targets = (
				BA9E23B3219B749A006E27F4 /* DBWithJSON */,
			);
		};
/* End PBXProject section */

/* Begin PBXResourcesBuildPhase section */
		BA9E23B2219B749A006E27F4 /* Resources */ = {
			isa = PBXResourcesBuildPhase;
			buildActionMask = 2147483647;
			files = (
				BA9E23C4219B749C006E27F4 /* LaunchScreen.storyboard in Resources */,
				BA9E23C1219B749C006E27F4 /* Assets.xcassets in Resources */,
				BA9E23D1219BA3BA006E27F4 /* MyCustomCell.xib in Resources */,
				BA9E23BF219B749A006E27F4 /* Main.storyboard in Resources */,
			);
			runOnlyForDeploymentPostprocessing = 0;
		};
/* End PBXResourcesBuildPhase section */

/* Begin PBXSourcesBuildPhase section */
		BA9E23B0219B749A006E27F4 /* Sources */ = {
			isa = PBXSourcesBuildPhase;
			buildActionMask = 2147483647;
			files = (
				BA9E23BC219B749A006E27F4 /* ViewController.m in Sources */,
				BA9E23C7219B749C006E27F4 /* main.m in Sources */,
				BA9E23B9219B749A006E27F4 /* AppDelegate.m in Sources */,
				BA9E23CF219B755E006E27F4 /* TargetViewController.m in Sources */,
				BA9E23D4219BAC3E006E27F4 /* MyTableViewCell.m in Sources */,
			);
			runOnlyForDeploymentPostprocessing = 0;
		};
/* End PBXSourcesBuildPhase section */

/* Begin PBXVariantGroup section */
		BA9E23BD219B749A006E27F4 /* Main.storyboard */ = {
			isa = PBXVariantGroup;
			children = (
				BA9E23BE219B749A006E27F4 /* Base */,
			);
			name = Main.storyboard;
			sourceTree = "<group>";
		};
		BA9E23C2219B749C006E27F4 /* LaunchScreen.storyboard */ = {
			isa = PBXVariantGroup;
			children = (
				BA9E23C3219B749C006E27F4 /* Base */,
			);
			name = LaunchScreen.storyboard;
			sourceTree = "<group>";
		};
/* End PBXVariantGroup section */

/* Begin XCBuildConfiguration section */
		BA9E23C8219B749C006E27F4 /* Debug */ = {
			isa = XCBuildConfiguration;
			buildSettings = {
				ALWAYS_SEARCH_USER_PATHS = NO;
				CLANG_ANALYZER_NONNULL = YES;
				CLANG_ANALYZER_NUMBER_OBJECT_CONVERSION = YES_AGGRESSIVE;
				CLANG_CXX_LANGUAGE_STANDARD = "gnu++14";
				CLANG_CXX_LIBRARY = "libc++";
				CLANG_ENABLE_MODULES = YES;
				CLANG_ENABLE_OBJC_ARC = YES;
				CLANG_ENABLE_OBJC_WEAK = YES;
				CLANG_WARN_BLOCK_CAPTURE_AUTORELEASING = YES;
				CLANG_WARN_BOOL_CONVERSION = YES;
				CLANG_WARN_COMMA = YES;
				CLANG_WARN_CONSTANT_CONVERSION = YES;
				CLANG_WARN_DEPRECATED_OBJC_IMPLEMENTATIONS = YES;
				CLANG_WARN_DIRECT_OBJC_ISA_USAGE = YES_ERROR;
				CLANG_WARN_DOCUMENTATION_COMMENTS = YES;
				CLANG_WARN_EMPTY_BODY = YES;
				CLANG_WARN_ENUM_CONVERSION = YES;
				CLANG_WARN_INFINITE_RECURSION = YES;
				CLANG_WARN_INT_CONVERSION = YES;
				CLANG_WARN_NON_LITERAL_NULL_CONVERSION = YES;
				CLANG_WARN_OBJC_IMPLICIT_RETAIN_SELF = YES;
				CLANG_WARN_OBJC_LITERAL_CONVERSION = YES;
				CLANG_WARN_OBJC_ROOT_CLASS = YES_ERROR;
				CLANG_WARN_RANGE_LOOP_ANALYSIS = YES;
				CLANG_WARN_STRICT_PROTOTYPES = YES;
				CLANG_WARN_SUSPICIOUS_MOVE = YES;
				CLANG_WARN_UNGUARDED_AVAILABILITY = YES_AGGRESSIVE;
				CLANG_WARN_UNREACHABLE_CODE = YES;
				CLANG_WARN__DUPLICATE_METHOD_MATCH = YES;
				CODE_SIGN_IDENTITY = "iPhone Developer";
				COPY_PHASE_STRIP = NO;
				DEBUG_INFORMATION_FORMAT = dwarf;
				ENABLE_STRICT_OBJC_MSGSEND = YES;
				ENABLE_TESTABILITY = YES;
				GCC_C_LANGUAGE_STANDARD = gnu11;
				GCC_DYNAMIC_NO_PIC = NO;
				GCC_NO_COMMON_BLOCKS = YES;
				GCC_OPTIMIZATION_LEVEL = 0;
				GCC_PREPROCESSOR_DEFINITIONS = (
					"DEBUG=1",
					"$(inherited)",
				);
				GCC_WARN_64_TO_32_BIT_CONVERSION = YES;
				GCC_WARN_ABOUT_RETURN_TYPE = YES_ERROR;
				GCC_WARN_UNDECLARED_SELECTOR = YES;
				GCC_WARN_UNINITIALIZED_AUTOS = YES_AGGRESSIVE;
				GCC_WARN_UNUSED_FUNCTION = YES;
				GCC_WARN_UNUSED_VARIABLE = YES;
				IPHONEOS_DEPLOYMENT_TARGET = 11.4;
				MTL_ENABLE_DEBUG_INFO = YES;
				ONLY_ACTIVE_ARCH = YES;
				SDKROOT = iphoneos;
			};
			name = Debug;
		};
		BA9E23C9219B749C006E27F4 /* Release */ = {
			isa = XCBuildConfiguration;
			buildSettings = {
				ALWAYS_SEARCH_USER_PATHS = NO;
				CLANG_ANALYZER_NONNULL = YES;
				CLANG_ANALYZER_NUMBER_OBJECT_CONVERSION = YES_AGGRESSIVE;
				CLANG_CXX_LANGUAGE_STANDARD = "gnu++14";
				CLANG_CXX_LIBRARY = "libc++";
				CLANG_ENABLE_MODULES = YES;
				CLANG_ENABLE_OBJC_ARC = YES;
				CLANG_ENABLE_OBJC_WEAK = YES;
				CLANG_WARN_BLOCK_CAPTURE_AUTORELEASING = YES;
				CLANG_WARN_BOOL_CONVERSION = YES;
				CLANG_WARN_COMMA = YES;
				CLANG_WARN_CONSTANT_CONVERSION = YES;
				CLANG_WARN_DEPRECATED_OBJC_IMPLEMENTATIONS = YES;
				CLANG_WARN_DIRECT_OBJC_ISA_USAGE = YES_ERROR;
				CLANG_WARN_DOCUMENTATION_COMMENTS = YES;
				CLANG_WARN_EMPTY_BODY = YES;
				CLANG_WARN_ENUM_CONVERSION = YES;
				CLANG_WARN_INFINITE_RECURSION = YES;
				CLANG_WARN_INT_CONVERSION = YES;
				CLANG_WARN_NON_LITERAL_NULL_CONVERSION = YES;
				CLANG_WARN_OBJC_IMPLICIT_RETAIN_SELF = YES;
				CLANG_WARN_OBJC_LITERAL_CONVERSION = YES;
				CLANG_WARN_OBJC_ROOT_CLASS = YES_ERROR;
				CLANG_WARN_RANGE_LOOP_ANALYSIS = YES;
				CLANG_WARN_STRICT_PROTOTYPES = YES;
				CLANG_WARN_SUSPICIOUS_MOVE = YES;
				CLANG_WARN_UNGUARDED_AVAILABILITY = YES_AGGRESSIVE;
				CLANG_WARN_UNREACHABLE_CODE = YES;
				CLANG_WARN__DUPLICATE_METHOD_MATCH = YES;
				CODE_SIGN_IDENTITY = "iPhone Developer";
				COPY_PHASE_STRIP = NO;
				DEBUG_INFORMATION_FORMAT = "dwarf-with-dsym";
				ENABLE_NS_ASSERTIONS = NO;
				ENABLE_STRICT_OBJC_MSGSEND = YES;
				GCC_C_LANGUAGE_STANDARD = gnu11;
				GCC_NO_COMMON_BLOCKS = YES;
				GCC_WARN_64_TO_32_BIT_CONVERSION = YES;
				GCC_WARN_ABOUT_RETURN_TYPE = YES_ERROR;
				GCC_WARN_UNDECLARED_SELECTOR = YES;
				GCC_WARN_UNINITIALIZED_AUTOS = YES_AGGRESSIVE;
				GCC_WARN_UNUSED_FUNCTION = YES;
				GCC_WARN_UNUSED_VARIABLE = YES;
				IPHONEOS_DEPLOYMENT_TARGET = 11.4;
				MTL_ENABLE_DEBUG_INFO = NO;
				SDKROOT = iphoneos;
				VALIDATE_PRODUCT = YES;
			};
			name = Release;
		};
		BA9E23CB219B749C006E27F4 /* Debug */ = {
			isa = XCBuildConfiguration;
			buildSettings = {
				ASSETCATALOG_COMPILER_APPICON_NAME = AppIcon;
				CODE_SIGN_STYLE = Automatic;
				INFOPLIST_FILE = DBWithJSON/Info.plist;
				LD_RUNPATH_SEARCH_PATHS = (
					"$(inherited)",
					"@executable_path/Frameworks",
				);
				PRODUCT_BUNDLE_IDENTIFIER = com.shs.DBWithJSON;
				PRODUCT_NAME = "$(TARGET_NAME)";
				TARGETED_DEVICE_FAMILY = "1,2";
			};
			name = Debug;
		};
		BA9E23CC219B749C006E27F4 /* Release */ = {
			isa = XCBuildConfiguration;
			buildSettings = {
				ASSETCATALOG_COMPILER_APPICON_NAME = AppIcon;
				CODE_SIGN_STYLE = Automatic;
				INFOPLIST_FILE = DBWithJSON/Info.plist;
				LD_RUNPATH_SEARCH_PATHS = (
					"$(inherited)",
					"@executable_path/Frameworks",
				);
				PRODUCT_BUNDLE_IDENTIFIER = com.shs.DBWithJSON;
				PRODUCT_NAME = "$(TARGET_NAME)";
				TARGETED_DEVICE_FAMILY = "1,2";
			};
			name = Release;
		};
/* End XCBuildConfiguration section */

/* Begin XCConfigurationList section */
		BA9E23AF219B749A006E27F4 /* Build configuration list for PBXProject "DBWithJSON" */ = {
			isa = XCConfigurationList;
			buildConfigurations = (
				BA9E23C8219B749C006E27F4 /* Debug */,
				BA9E23C9219B749C006E27F4 /* Release */,
			);
			defaultConfigurationIsVisible = 0;
			defaultConfigurationName = Release;
		};
		BA9E23CA219B749C006E27F4 /* Build configuration list for PBXNativeTarget "DBWithJSON" */ = {
			isa = XCConfigurationList;
			buildConfigurations = (
				BA9E23CB219B749C006E27F4 /* Debug */,
				BA9E23CC219B749C006E27F4 /* Release */,
			);
			defaultConfigurationIsVisible = 0;
			defaultConfigurationName = Release;
		};
/* End XCConfigurationList section */
	};
	rootObject = BA9E23AC219B749A006E27F4 /* Project object */;
}
